
Microsoft Visual Studio Solution File, Format Version 12.00
# Visual Studio Version 17
VisualStudioVersion = 17.4.33213.308
MinimumVisualStudioVersion = 10.0.40219.1
Project("{FAE04EC0-301F-11D3-BF4B-00C04F79EFBC}") = "McTeleBot.Oracle", "McTeleBot.Oracle\McTeleBot.Oracle.csproj", "{7C5D4598-6139-4D1D-BDE9-EA05CA12F6CA}"
EndProject
Project("{2150E333-8FDC-42A3-9474-1A3956D46DE8}") = "SQL", "SQL", "{1BC3A63B-783A-4CC0-B6FE-200EF6F46703}"
	ProjectSection(SolutionItems) = preProject
		Sql\01_T_BOT_BASES.SQL = Sql\01_T_BOT_BASES.SQL
		Sql\02_T_BOT_LIST.SQL = Sql\02_T_BOT_LIST.SQL
		Sql\03_T_BOT_MESSAGES.SQL = Sql\03_T_BOT_MESSAGES.SQL
		Sql\04_T_BOT_MESSAGES_SEQ.SQL = Sql\04_T_BOT_MESSAGES_SEQ.SQL
		Sql\05_t_bot_messages_bi.sql = Sql\05_t_bot_messages_bi.sql
	EndProjectSection
EndProject
Global
	GlobalSection(SolutionConfigurationPlatforms) = preSolution
		Debug|Any CPU = Debug|Any CPU
		Release|Any CPU = Release|Any CPU
	EndGlobalSection
	GlobalSection(ProjectConfigurationPlatforms) = postSolution
		{7C5D4598-6139-4D1D-BDE9-EA05CA12F6CA}.Debug|Any CPU.ActiveCfg = Debug|Any CPU
		{7C5D4598-6139-4D1D-BDE9-EA05CA12F6CA}.Debug|Any CPU.Build.0 = Debug|Any CPU
		{7C5D4598-6139-4D1D-BDE9-EA05CA12F6CA}.Release|Any CPU.ActiveCfg = Release|Any CPU
		{7C5D4598-6139-4D1D-BDE9-EA05CA12F6CA}.Release|Any CPU.Build.0 = Release|Any CPU
	EndGlobalSection
	GlobalSection(SolutionProperties) = preSolution
		HideSolutionNode = FALSE
	EndGlobalSection
	GlobalSection(ExtensibilityGlobals) = postSolution
		SolutionGuid = {96EC68B0-7B9C-446E-ADAA-451D70D5E024}
	EndGlobalSection
EndGlobal
